
Microsoft Visual Studio Solution File, Format Version 12.00
# Visual Studio Version 17
VisualStudioVersion = 17.6.33829.357
MinimumVisualStudioVersion = 10.0.40219.1
Project("{FAE04EC0-301F-11D3-BF4B-00C04F79EFBC}") = "IT 3045C", "IT 3045C.csproj", "{E6334D8C-5078-4E1C-9DCC-C0DAB401F1C9}"
EndProject
Global
	GlobalSection(SolutionConfigurationPlatforms) = preSolution
		Debug|Any CPU = Debug|Any CPU
		Release|Any CPU = Release|Any CPU
	EndGlobalSection
	GlobalSection(ProjectConfigurationPlatforms) = postSolution
		{E6334D8C-5078-4E1C-9DCC-C0DAB401F1C9}.Debug|Any CPU.ActiveCfg = Debug|Any CPU
		{E6334D8C-5078-4E1C-9DCC-C0DAB401F1C9}.Debug|Any CPU.Build.0 = Debug|Any CPU
		{E6334D8C-5078-4E1C-9DCC-C0DAB401F1C9}.Release|Any CPU.ActiveCfg = Release|Any CPU
		{E6334D8C-5078-4E1C-9DCC-C0DAB401F1C9}.Release|Any CPU.Build.0 = Release|Any CPU
	EndGlobalSection
	GlobalSection(SolutionProperties) = preSolution
		HideSolutionNode = FALSE
	EndGlobalSection
	GlobalSection(ExtensibilityGlobals) = postSolution
		SolutionGuid = {813B2F5F-A3C0-4C6B-A74F-E3F66FAD4A1C}
	EndGlobalSection
EndGlobal
